// !$*UTF8*$!
{
	archiveVersion = 1;
	classes = {
	};
	objectVersion = 77;
	objects = {

/* Begin PBXBuildFile section */
		00C65C6020CC96DD41386118 /* RidgitsHaptics.swift in Sources */ = {isa = PBXBuildFile; fileRef = 1D2377DD59EF01D8EED2C9C2 /* RidgitsHaptics.swift */; };
		09E6D693F2712BC24B2AF972 /* MakeRidgitView.swift in Sources */ = {isa = PBXBuildFile; fileRef = 13B32D97E1C79608E68BAFC2 /* MakeRidgitView.swift */; };
		0A2D8D2B2089609A57C1F4D6 /* identity-performance.json in Resources */ = {isa = PBXBuildFile; fileRef = 581BD4A52A7A1CA4A9D6D76F /* identity-performance.json */; };
		0D2959B3F90264D9F28285BC /* QuizFullResultsView.swift in Sources */ = {isa = PBXBuildFile; fileRef = AF953DAAEE1D664710A92940 /* QuizFullResultsView.swift */; };
		0D4D5BBE55E408545FA8BD89 /* AppleSignInNonce.swift in Sources */ = {isa = PBXBuildFile; fileRef = 75A57C16B287148340DD5B79 /* AppleSignInNonce.swift */; };
		0D65498F14C8A9BC613FF319 /* PackQuizViewModel.swift in Sources */ = {isa = PBXBuildFile; fileRef = 92E4C4425C89DEC13798A9FD /* PackQuizViewModel.swift */; };
		0DB1A70F06171B99FB8D4843 /* PackQuizView.swift in Sources */ = {isa = PBXBuildFile; fileRef = D34BE9BD8180CF6F3B648B1C /* PackQuizView.swift */; };
		0F2C2849254AFC38BB05A9B9 /* ArchetypePackPaywallView.swift in Sources */ = {isa = PBXBuildFile; fileRef = DAA7553951BCF6B98541F101 /* ArchetypePackPaywallView.swift */; };
		0FC4AF80DEB1E94532D8302D /* attraction.json in Resources */ = {isa = PBXBuildFile; fileRef = 4E6E6E4980E25FB54C6E1511 /* attraction.json */; };
		118263B6C75B1D0A178DA2FE /* RidgitsGlassTabBar.swift in Sources */ = {isa = PBXBuildFile; fileRef = 32C8DEF4825245CE962B2090 /* RidgitsGlassTabBar.swift */; };
		14A94371D51B0733755639A8 /* MessagesView.swift in Sources */ = {isa = PBXBuildFile; fileRef = 8D9859145D608A07A50BDDFD /* MessagesView.swift */; };
		167CD503E48BF17B7ECEF1ED /* RidgitsComponents.swift in Sources */ = {isa = PBXBuildFile; fileRef = 0DE96CD61DDD21D94F89E0C1 /* RidgitsComponents.swift */; };
		16D08A6E61200405EE7EB161 /* ProfileSetupView.swift in Sources */ = {isa = PBXBuildFile; fileRef = 167175E2761DB95BF6011BD5 /* ProfileSetupView.swift */; };
		16DB2910726A760EBDC04546 /* situationship.json in Resources */ = {isa = PBXBuildFile; fileRef = 95EEBD58747E55965608D152 /* situationship.json */; };
		1782FB36024A93277A2F3EA2 /* RidgitsReferralStore.swift in Sources */ = {isa = PBXBuildFile; fileRef = BC68F82E9245FBC3F7AEB950 /* RidgitsReferralStore.swift */; };
		183564B849D50FC020D0B016 /* RidgitsNearbyAccess.swift in Sources */ = {isa = PBXBuildFile; fileRef = 47A8D4BB57207455082A7295 /* RidgitsNearbyAccess.swift */; };
		18BE782A86116E71DF768F42 /* MessageAnalysisView.swift in Sources */ = {isa = PBXBuildFile; fileRef = D5567B24A6113C83B962E7DF /* MessageAnalysisView.swift */; };
		19A08B8CDF71B195D6EA4750 /* RidgitsFirebaseBootstrap.swift in Sources */ = {isa = PBXBuildFile; fileRef = 1CF5F70D2FA0289640BAF3D4 /* RidgitsFirebaseBootstrap.swift */; };
		1A5C964897FC7DDD36A97B05 /* RidgitsMatchesCache.swift in Sources */ = {isa = PBXBuildFile; fileRef = D4CB0164D01E94A6B2916050 /* RidgitsMatchesCache.swift */; };
		1ADCDA08BB13CB55A44888BD /* RidgitsStore.swift in Sources */ = {isa = PBXBuildFile; fileRef = 9EBEB969F4453F62BD799982 /* RidgitsStore.swift */; };
		1B958AD78DD0AC7EAEA508C0 /* RidgitsIdentityModels.swift in Sources */ = {isa = PBXBuildFile; fileRef = 60672608DF345ACE678E5992 /* RidgitsIdentityModels.swift */; };
		1D592B846B14F405668EE84A /* ContentView.swift in Sources */ = {isa = PBXBuildFile; fileRef = 252F8418EE1CC2484B211CDD /* ContentView.swift */; };
		1DA676984F920E8B4D94E821 /* EmailAuthSheet.swift in Sources */ = {isa = PBXBuildFile; fileRef = 390B3BF48BE6C9AD20017520 /* EmailAuthSheet.swift */; };
		1DBF134FBF88356E1CC2F3AF /* pack_scoring.js in Resources */ = {isa = PBXBuildFile; fileRef = DE778F2EFF0AFA2035666946 /* pack_scoring.js */; };
		1E6B3FB5106804C388218E2A /* RidgitsProfilePhotoIdentityMatch.swift in Sources */ = {isa = PBXBuildFile; fileRef = 445AAAD73654881A7C1F0995 /* RidgitsProfilePhotoIdentityMatch.swift */; };
		1E8C8F1127B325B978E9E04F /* CompareProfilesView.swift in Sources */ = {isa = PBXBuildFile; fileRef = 7AD5A4902272D4AADC2BE62C /* CompareProfilesView.swift */; };
		1EEDEE7572F53051C1030EE9 /* QuizView.swift in Sources */ = {isa = PBXBuildFile; fileRef = 98C92AC49659E2868940B46F /* QuizView.swift */; };
		205C0BFF104E17B446550568 /* boundaries.json in Resources */ = {isa = PBXBuildFile; fileRef = 4B61B84A7508ADA4C84AD179 /* boundaries.json */; };
		2070A36D291EBE2412FF9EBB /* PokePackPaywallView.swift in Sources */ = {isa = PBXBuildFile; fileRef = 9B12036EF74BBA3E84DAE3CC /* PokePackPaywallView.swift */; };
		209B65138F80914728B6DE21 /* FirebaseAppCheck in Frameworks */ = {isa = PBXBuildFile; productRef = E74CF18F3F5EBA0DEF046C6E /* FirebaseAppCheck */; };
		217267876A9F39FCCF359CDC /* RidgitsArchetypePack.swift in Sources */ = {isa = PBXBuildFile; fileRef = 02E2DF763297D22FAA413008 /* RidgitsArchetypePack.swift */; };
		2221CB98A995263A1AF95074 /* RidgitsAgeVerificationConsent.swift in Sources */ = {isa = PBXBuildFile; fileRef = CF475316594F35B933AFD9FC /* RidgitsAgeVerificationConsent.swift */; };
		24C10F2B8551E8D3E04C7B62 /* BirthYearPromptView.swift in Sources */ = {isa = PBXBuildFile; fileRef = D7ABE398AA1AE0E8E3749749 /* BirthYearPromptView.swift */; };
		24C1222B70FFFECBB74B08B4 /* RidgitsConversationsCache.swift in Sources */ = {isa = PBXBuildFile; fileRef = EBF5A3EEBAA38745D359D883 /* RidgitsConversationsCache.swift */; };
		265957D7B88A17AA16137FBC /* PackQuizCatalog.swift in Sources */ = {isa = PBXBuildFile; fileRef = 339DAB4CC849CFAC428F73CC /* PackQuizCatalog.swift */; };
		2D12EAC68C8B4626D9C37F47 /* SubscriptionPaywallView.swift in Sources */ = {isa = PBXBuildFile; fileRef = C551E7EC553D460C4392FFC1 /* SubscriptionPaywallView.swift */; };
		2E121A3F5EDEA50909D22867 /* RidgitsQuizBadge.swift in Sources */ = {isa = PBXBuildFile; fileRef = E6952A1F1B141CAE1DC74AC1 /* RidgitsQuizBadge.swift */; };
		2F523EA7CF4592655E1247A7 /* QuizArchetypeCalculator.swift in Sources */ = {isa = PBXBuildFile; fileRef = B4D6F24F8093075BEE5CEC6D /* QuizArchetypeCalculator.swift */; };
		36C17DB5A978ECAF31A1BCF0 /* GoogleService-Info.plist in Resources */ = {isa = PBXBuildFile; fileRef = 1D9574D7FAB4F09CB3C43CBC /* GoogleService-Info.plist */; };
		38207640E4E758A0978451DA /* FirebaseFunctions in Frameworks */ = {isa = PBXBuildFile; productRef = F4AA2E4257AAD42FCFE0CF42 /* FirebaseFunctions */; };
		3AE13341B6595DCB7B7172D3 /* quiz_spicy_questions.json in Resources */ = {isa = PBXBuildFile; fileRef = 5FF3830EA99B85BB983761B6 /* quiz_spicy_questions.json */; };
		3BE3E1C1C4375DFAB5BA2DB4 /* RidgitsDeepLinkRouter.swift in Sources */ = {isa = PBXBuildFile; fileRef = A8744E35D4A4D4590449F3F5 /* RidgitsDeepLinkRouter.swift */; };
		4051FA80748BE41480300AB3 /* ReferralQuizzesSection.swift in Sources */ = {isa = PBXBuildFile; fileRef = A13D3B385EB0EF56750E07ED /* ReferralQuizzesSection.swift */; };
		42C36DCFC8AFAC2E945C939B /* MatchesView.swift in Sources */ = {isa = PBXBuildFile; fileRef = C2B18D21B7D932940E8248F6 /* MatchesView.swift */; };
		44BF43A7D22C95D2436E193D /* RidgitNearbyShareModels.swift in Sources */ = {isa = PBXBuildFile; fileRef = 26DCCB0B78C0A22DE2EC7BA0 /* RidgitNearbyShareModels.swift */; };
		46DC3CDA41931844AA69AF70 /* AdditionalArchetypesSection.swift in Sources */ = {isa = PBXBuildFile; fileRef = C93D3E5D3445BF088CD27B6F /* AdditionalArchetypesSection.swift */; };
		4AF88AC8F629F508D0E10D24 /* referral-first-spark.json in Resources */ = {isa = PBXBuildFile; fileRef = 599E990B8C2F56A791C7B814 /* referral-first-spark.json */; };
		4EEAEF9372171772437A191A /* ReferralProfileSection.swift in Sources */ = {isa = PBXBuildFile; fileRef = 5DF0B1EFC36A9E53EB62C5BE /* ReferralProfileSection.swift */; };
		5454FF470DFF6EC9A7C68B2D /* RidgitsAPIClient.swift in Sources */ = {isa = PBXBuildFile; fileRef = E18CA5C81426306AFE76D916 /* RidgitsAPIClient.swift */; };
		569284B8FD4C1A834A3F3B56 /* referral-trust-line.json in Resources */ = {isa = PBXBuildFile; fileRef = 2C2FE73E0903116C23433B1D /* referral-trust-line.json */; };
		5E1F7DDEFE7623BB75D10158 /* IdentityVerificationCoordinator.swift in Sources */ = {isa = PBXBuildFile; fileRef = 1AA0DF011D1D7CCDF3279AAF /* IdentityVerificationCoordinator.swift */; };
		5EB9C47F899B9CB543A51C48 /* RidgitsSubscriptionCatalog.swift in Sources */ = {isa = PBXBuildFile; fileRef = 1F6C1E3877EE23EB81350618 /* RidgitsSubscriptionCatalog.swift */; };
		65C0D294DECDC70CA3162CBA /* love-language.json in Resources */ = {isa = PBXBuildFile; fileRef = AF2709D96472719DA2B74733 /* love-language.json */; };
		69CFF79C61F1F58DF547724C /* quiz_questions.json in Resources */ = {isa = PBXBuildFile; fileRef = 55A2805241DC1E9937CCE9DD /* quiz_questions.json */; };
		69EF9CC0435A7AFBFE8F61AB /* RidgitsFirebaseClient.swift in Sources */ = {isa = PBXBuildFile; fileRef = DA8943D6B67FCBD1EB556772 /* RidgitsFirebaseClient.swift */; };
		69F79317BA74BD63BF18CD39 /* RidgitsProductID.swift in Sources */ = {isa = PBXBuildFile; fileRef = D3A095B20572525147B85D1D /* RidgitsProductID.swift */; };
		6AF1B86EDBCED3D8BFC2B5F1 /* FirebaseCore in Frameworks */ = {isa = PBXBuildFile; productRef = 675F27058B0EC67440241C3F /* FirebaseCore */; };
		6BC4444E734BEC53A63046ED /* RidgitsShareSheet.swift in Sources */ = {isa = PBXBuildFile; fileRef = BE181ED1AC5219F0D0047B9F /* RidgitsShareSheet.swift */; };
		6BE9C66585884056677F995D /* UIViewController+TopMost.swift in Sources */ = {isa = PBXBuildFile; fileRef = EDBD32E9FCB7D880E63E9885 /* UIViewController+TopMost.swift */; };
		6C20876A2E1C98E07F8A9CFE /* MatchProfileView.swift in Sources */ = {isa = PBXBuildFile; fileRef = EC03E620748060EB5F52FF58 /* MatchProfileView.swift */; };
		6C774222F03F834A8CA2CBEB /* RidgitsProfileCache.swift in Sources */ = {isa = PBXBuildFile; fileRef = ACAA319A356BC1DDD352399C /* RidgitsProfileCache.swift */; };
		6D9F92BECACF116150243162 /* ProfileView.swift in Sources */ = {isa = PBXBuildFile; fileRef = 0C1D8E4F95CACE2E9C676B09 /* ProfileView.swift */; };
		7B14CBDA8361B02455CA7181 /* AuthManager.swift in Sources */ = {isa = PBXBuildFile; fileRef = D77B6CA24E9F62CF6C8C185C /* AuthManager.swift */; };
		7C1E037BE4FC362F863C212C /* RidgitsAppLinks.swift in Sources */ = {isa = PBXBuildFile; fileRef = 90E0634B98D5BB9A09E6BE19 /* RidgitsAppLinks.swift */; };
		7C226DE1737EE2F0FE71E8A9 /* StartConversationSheet.swift in Sources */ = {isa = PBXBuildFile; fileRef = 046E227683D0E1EE438F12A6 /* StartConversationSheet.swift */; };
		7D5B214325FF9EA90A2F850D /* RidgitsModels.swift in Sources */ = {isa = PBXBuildFile; fileRef = C885678211DF9A31049C50DC /* RidgitsModels.swift */; };
		7E0CD284A9E4C83CC738F086 /* messaging.json in Resources */ = {isa = PBXBuildFile; fileRef = 60B356C301BEF70E0088F297 /* messaging.json */; };
		82997486DD1023518B5D27B2 /* RidgitsPushNotificationService.swift in Sources */ = {isa = PBXBuildFile; fileRef = CA72A5B2CF06E521CEA03330 /* RidgitsPushNotificationService.swift */; };
		83A11966B318AD48C2C82869 /* LocationManager.swift in Sources */ = {isa = PBXBuildFile; fileRef = C7F4CFC12B5334639E03A439 /* LocationManager.swift */; };
		A1B2C3D4E5F60718293A4B5D /* RidgitsLocationPicker.swift in Sources */ = {isa = PBXBuildFile; fileRef = F0E1D2C3B4A5968778695A4B /* RidgitsLocationPicker.swift */; };
		B1C2D3E4F5A60718293A4B5E /* us_cities.json in Resources */ = {isa = PBXBuildFile; fileRef = C2D3E4F5A60718293A4B5C6D /* us_cities.json */; };
		85FB925181885C6E39052B3F /* FirebaseStorage in Frameworks */ = {isa = PBXBuildFile; productRef = 826ECC07B38FF72BE29ED9F4 /* FirebaseStorage */; };
		88E23B25FEF5B0B84065E3E0 /* RidgitsApp.swift in Sources */ = {isa = PBXBuildFile; fileRef = E2C012308069A29AC80D2321 /* RidgitsApp.swift */; };
		89492A3071E466C1D9C34FC2 /* RidgitsTheme.swift in Sources */ = {isa = PBXBuildFile; fileRef = 2D71B5B93F5D5907DE500364 /* RidgitsTheme.swift */; };
		89BE1CF5F02B93F609665F01 /* RidgitsHeroImageStack.swift in Sources */ = {isa = PBXBuildFile; fileRef = 5BA7CBA03EC9DB6F415C5C7C /* RidgitsHeroImageStack.swift */; };
		919594877308CC100518ED87 /* NotificationPreferencesView.swift in Sources */ = {isa = PBXBuildFile; fileRef = F5DE4F272D9148F4448D0835 /* NotificationPreferencesView.swift */; };
		95DF487F2E36D6D41C5AB048 /* FirebaseAuth in Frameworks */ = {isa = PBXBuildFile; productRef = 79ADF8278A5FA59F57D63033 /* FirebaseAuth */; };
		979424F31D6849A9424A751E /* Secrets.example.plist in Resources */ = {isa = PBXBuildFile; fileRef = 6ECDCDFD0FADD9BEC6C18137 /* Secrets.example.plist */; };
		987E2C34C730D408339FEFD4 /* manifest.json in Resources */ = {isa = PBXBuildFile; fileRef = DD7DDC53CA45DFE74D5EBEA7 /* manifest.json */; };
		9F1F84F51DC47CF186859BE1 /* QuizCatalog.swift in Sources */ = {isa = PBXBuildFile; fileRef = FF8E8203096BA9734713E5FD /* QuizCatalog.swift */; };
		A166DD4CD2AF2D0B3C1D13D5 /* RidgitsProfilePhotoPicker.swift in Sources */ = {isa = PBXBuildFile; fileRef = DDDC9CE126FFE8BC00343B43 /* RidgitsProfilePhotoPicker.swift */; };
		A16CEB06F5A2954E5F296C49 /* ReferralWelcomeView.swift in Sources */ = {isa = PBXBuildFile; fileRef = 6F4FE552E8A7042D5A4C3152 /* ReferralWelcomeView.swift */; };
		A5E33D43545C5FFD2ED50AA3 /* RidgitsLogoView.swift in Sources */ = {isa = PBXBuildFile; fileRef = 27F37C73DF3EB87F2610A164 /* RidgitsLogoView.swift */; };
		A5FBA220D46B16BFFC996BF0 /* PackAnalysisView.swift in Sources */ = {isa = PBXBuildFile; fileRef = D2E8FB7ED1D4C6AE2CBE8530 /* PackAnalysisView.swift */; };
		A9362BA7DCF4934A973DD06A /* RidgitsReferralModels.swift in Sources */ = {isa = PBXBuildFile; fileRef = 7346F52F2E5187AC4863F2CF /* RidgitsReferralModels.swift */; };
		AA54A9E517B73E5048A2CA34 /* RidgitsPokeInbox.swift in Sources */ = {isa = PBXBuildFile; fileRef = E154B54CD785FFE091D69B82 /* RidgitsPokeInbox.swift */; };
		AF44BF8ADF734C786F744083 /* IdentityVerificationView.swift in Sources */ = {isa = PBXBuildFile; fileRef = 465816C2404A3A07EFBB57CD /* IdentityVerificationView.swift */; };
		C9D8E7F6A5B4039283746510 /* IdentityVerificationStatusCard.swift in Sources */ = {isa = PBXBuildFile; fileRef = C9D8E7F6A5B4039283746511 /* IdentityVerificationStatusCard.swift */; };
		B2077D8713B985637FAC4606 /* FirebaseFirestore in Frameworks */ = {isa = PBXBuildFile; productRef = F82945B9BA2E2DFC95102D4D /* FirebaseFirestore */; };
		B639DAA4FA2FAC05ECD4816C /* RidgitsNearbyPresenceService.swift in Sources */ = {isa = PBXBuildFile; fileRef = F257D4ED3335E6DF7AC5A1B7 /* RidgitsNearbyPresenceService.swift */; };
		B6BDFCDE67D6493165AE745A /* RidgitNearbyShareAnimationView.swift in Sources */ = {isa = PBXBuildFile; fileRef = 8FDAEDF98C02C44E4AAA7910 /* RidgitNearbyShareAnimationView.swift */; };
		BABF033B1381E541C81DA2A4 /* Secrets.plist in Resources */ = {isa = PBXBuildFile; fileRef = 24EE0BC1134EF8779378AE23 /* Secrets.plist */; };
		BB5C5544432CB4681A528A1F /* PackQuizScoring.swift in Sources */ = {isa = PBXBuildFile; fileRef = F43A6DA4C8F51EB3C2C56592 /* PackQuizScoring.swift */; };
		BD66C09B2FF3A86BD869F9DF /* RidgitQuizView.swift in Sources */ = {isa = PBXBuildFile; fileRef = C6F3D8B82EEE0B85BA578E36 /* RidgitQuizView.swift */; };
		BDFAE73A086A0595ECBEA753 /* RidgitSlotManager.swift in Sources */ = {isa = PBXBuildFile; fileRef = F14BD13FF090D895DC312FD5 /* RidgitSlotManager.swift */; };
		BE1918D934F9A9B680E821C1 /* Assets.xcassets in Resources */ = {isa = PBXBuildFile; fileRef = 02DB0A4D50FB0F377B744060 /* Assets.xcassets */; };
		C53953CE67935AE207E01700 /* RidgitsCachedProfileImage.swift in Sources */ = {isa = PBXBuildFile; fileRef = 1168AC77C397F24F9864845A /* RidgitsCachedProfileImage.swift */; };
		C5567AB16A96A5299AC5FE5C /* CommunityStatsViewModel.swift in Sources */ = {isa = PBXBuildFile; fileRef = 8FBF32243EA75F1087B06867 /* CommunityStatsViewModel.swift */; };
		C9E02737AD5C1A7A1766F0FB /* referral-slow-burn.json in Resources */ = {isa = PBXBuildFile; fileRef = 497927D649F5A16664C5EE0C /* referral-slow-burn.json */; };
		CAD401DD2BA396C77A1004F3 /* MatchesViewModel.swift in Sources */ = {isa = PBXBuildFile; fileRef = F2D559400E25AFCDA5FD3C77 /* MatchesViewModel.swift */; };
		CB461460EA1200879D1BAC12 /* DashboardView.swift in Sources */ = {isa = PBXBuildFile; fileRef = B9CFD391D965DC4214A38478 /* DashboardView.swift */; };
		D2AF0888D0143FAC328F4D92 /* DisposableEmailDomains.swift in Sources */ = {isa = PBXBuildFile; fileRef = 3DA7F90CC87910305F762E79 /* DisposableEmailDomains.swift */; };
		D315E62B79646F4E2D84B94F /* social-battery.json in Resources */ = {isa = PBXBuildFile; fileRef = 430CA1330512DE4EE4BB3117 /* social-battery.json */; };
		D3840EE9D556E84BC7376194 /* RidgitsVerifiedBadge.swift in Sources */ = {isa = PBXBuildFile; fileRef = 50FE81089EF34767B6603964 /* RidgitsVerifiedBadge.swift */; };
		D6B71F3A78BD898F07F220CC /* RidgitSlotSelectionSheet.swift in Sources */ = {isa = PBXBuildFile; fileRef = 2E1671C126A1AF23D6058E70 /* RidgitSlotSelectionSheet.swift */; };
		DFFE61B72C164E6DB5431134 /* NearbyPaywallView.swift in Sources */ = {isa = PBXBuildFile; fileRef = B428FC9FF54F28CB4AA60D28 /* NearbyPaywallView.swift */; };
		E172E41F803A83AE8A935F58 /* ProfileSettingsView.swift in Sources */ = {isa = PBXBuildFile; fileRef = 81E3815F13C4EEB0F3D68137 /* ProfileSettingsView.swift */; };
		E773BDF4712E6792435CF789 /* self-sabotage.json in Resources */ = {isa = PBXBuildFile; fileRef = 6328E5F54806612EDF075DE9 /* self-sabotage.json */; };
		E7E009B45965B5B850FA2337 /* LoginView.swift in Sources */ = {isa = PBXBuildFile; fileRef = 6DBD03EA351B2A15F2AB2CDF /* LoginView.swift */; };
		E843D49AFD80499F72FB254F /* dealbreaker-map.json in Resources */ = {isa = PBXBuildFile; fileRef = 5CE4F6BC981EF46C7DAD390A /* dealbreaker-map.json */; };
		E962CA4909B9DA85B9B57FAD /* GoogleSignIn in Frameworks */ = {isa = PBXBuildFile; productRef = EBA8CCEACD72FE9C8F1DD07E /* GoogleSignIn */; };
		ED32A01BAFC50CFFE068AD17 /* RidgitsCompatibilityFilter.swift in Sources */ = {isa = PBXBuildFile; fileRef = E1FE3E1B1332FB6DD44B0704 /* RidgitsCompatibilityFilter.swift */; };
		F34615D6211853E6583BA18D /* desire-logic.json in Resources */ = {isa = PBXBuildFile; fileRef = 5E97FE82A52B3B5C6827EB0E /* desire-logic.json */; };
		F3EBFBD255BF9F30EE521C95 /* FirebaseMessaging in Frameworks */ = {isa = PBXBuildFile; productRef = 1C6FE69646D50A66819501A8 /* FirebaseMessaging */; };
		F7ACAE03B82689BF98ED2329 /* CompatibilityReadoutView.swift in Sources */ = {isa = PBXBuildFile; fileRef = 97F1CFA0A670D30656F164F1 /* CompatibilityReadoutView.swift */; };
		F8B3520EBD9E1706230A88E2 /* RidgitsQuickToolsService.swift in Sources */ = {isa = PBXBuildFile; fileRef = 39F1F11274432698D6A299D7 /* RidgitsQuickToolsService.swift */; };
		F9DFC3C8FD7F337224FD1C8E /* RidgitNearbyShareOverlay.swift in Sources */ = {isa = PBXBuildFile; fileRef = 57284271EDA783B04BC7E465 /* RidgitNearbyShareOverlay.swift */; };
		FADC7EF52BE3181A29AD9451 /* RidgitsNotificationPreferences.swift in Sources */ = {isa = PBXBuildFile; fileRef = A1307814E45662FCEAAC60BA /* RidgitsNotificationPreferences.swift */; };
		FD98445F7B88CA3B8B7E351A /* ReferralQuizGateSheet.swift in Sources */ = {isa = PBXBuildFile; fileRef = 8E9431427F1AAC72C151A70E /* ReferralQuizGateSheet.swift */; };
		FE4C7C7B340D6319E524616B /* QuizViewModel.swift in Sources */ = {isa = PBXBuildFile; fileRef = C3348363D362965897C89290 /* QuizViewModel.swift */; };
		FF886F0EFB325D0E2E22C1E7 /* RidgitsQuizCompatibility.swift in Sources */ = {isa = PBXBuildFile; fileRef = 3A5021834ACF8D4FDEFDEE3D /* RidgitsQuizCompatibility.swift */; };
/* End PBXBuildFile section */

/* Begin PBXFileReference section */
		02DB0A4D50FB0F377B744060 /* Assets.xcassets */ = {isa = PBXFileReference; lastKnownFileType = folder.assetcatalog; path = Assets.xcassets; sourceTree = "<group>"; };
		02E2DF763297D22FAA413008 /* RidgitsArchetypePack.swift */ = {isa = PBXFileReference; lastKnownFileType = sourcecode.swift; path = RidgitsArchetypePack.swift; sourceTree = "<group>"; };
		046E227683D0E1EE438F12A6 /* StartConversationSheet.swift */ = {isa = PBXFileReference; lastKnownFileType = sourcecode.swift; path = StartConversationSheet.swift; sourceTree = "<group>"; };
		07DF792BAD9B3D9AD4656B0B /* Ridgits.app */ = {isa = PBXFileReference; explicitFileType = wrapper.application; includeInIndex = 0; path = Ridgits.app; sourceTree = BUILT_PRODUCTS_DIR; };
		0C1D8E4F95CACE2E9C676B09 /* ProfileView.swift */ = {isa = PBXFileReference; lastKnownFileType = sourcecode.swift; path = ProfileView.swift; sourceTree = "<group>"; };
		0DE96CD61DDD21D94F89E0C1 /* RidgitsComponents.swift */ = {isa = PBXFileReference; lastKnownFileType = sourcecode.swift; path = RidgitsComponents.swift; sourceTree = "<group>"; };
		1168AC77C397F24F9864845A /* RidgitsCachedProfileImage.swift */ = {isa = PBXFileReference; lastKnownFileType = sourcecode.swift; path = RidgitsCachedProfileImage.swift; sourceTree = "<group>"; };
		13B32D97E1C79608E68BAFC2 /* MakeRidgitView.swift */ = {isa = PBXFileReference; lastKnownFileType = sourcecode.swift; path = MakeRidgitView.swift; sourceTree = "<group>"; };
		167175E2761DB95BF6011BD5 /* ProfileSetupView.swift */ = {isa = PBXFileReference; lastKnownFileType = sourcecode.swift; path = ProfileSetupView.swift; sourceTree = "<group>"; };
		1AA0DF011D1D7CCDF3279AAF /* IdentityVerificationCoordinator.swift */ = {isa = PBXFileReference; lastKnownFileType = sourcecode.swift; path = IdentityVerificationCoordinator.swift; sourceTree = "<group>"; };
		1CF5F70D2FA0289640BAF3D4 /* RidgitsFirebaseBootstrap.swift */ = {isa = PBXFileReference; lastKnownFileType = sourcecode.swift; path = RidgitsFirebaseBootstrap.swift; sourceTree = "<group>"; };
		1D2377DD59EF01D8EED2C9C2 /* RidgitsHaptics.swift */ = {isa = PBXFileReference; lastKnownFileType = sourcecode.swift; path = RidgitsHaptics.swift; sourceTree = "<group>"; };
		1D9574D7FAB4F09CB3C43CBC /* GoogleService-Info.plist */ = {isa = PBXFileReference; lastKnownFileType = text.plist; path = "GoogleService-Info.plist"; sourceTree = "<group>"; };
		1F6C1E3877EE23EB81350618 /* RidgitsSubscriptionCatalog.swift */ = {isa = PBXFileReference; lastKnownFileType = sourcecode.swift; path = RidgitsSubscriptionCatalog.swift; sourceTree = "<group>"; };
		24EE0BC1134EF8779378AE23 /* Secrets.plist */ = {isa = PBXFileReference; lastKnownFileType = text.plist; path = Secrets.plist; sourceTree = "<group>"; };
		252F8418EE1CC2484B211CDD /* ContentView.swift */ = {isa = PBXFileReference; lastKnownFileType = sourcecode.swift; path = ContentView.swift; sourceTree = "<group>"; };
		26DCCB0B78C0A22DE2EC7BA0 /* RidgitNearbyShareModels.swift */ = {isa = PBXFileReference; lastKnownFileType = sourcecode.swift; path = RidgitNearbyShareModels.swift; sourceTree = "<group>"; };
		27F37C73DF3EB87F2610A164 /* RidgitsLogoView.swift */ = {isa = PBXFileReference; lastKnownFileType = sourcecode.swift; path = RidgitsLogoView.swift; sourceTree = "<group>"; };
		2C2FE73E0903116C23433B1D /* referral-trust-line.json */ = {isa = PBXFileReference; lastKnownFileType = text.json; path = "referral-trust-line.json"; sourceTree = "<group>"; };
		2D71B5B93F5D5907DE500364 /* RidgitsTheme.swift */ = {isa = PBXFileReference; lastKnownFileType = sourcecode.swift; path = RidgitsTheme.swift; sourceTree = "<group>"; };
		2E1671C126A1AF23D6058E70 /* RidgitSlotSelectionSheet.swift */ = {isa = PBXFileReference; lastKnownFileType = sourcecode.swift; path = RidgitSlotSelectionSheet.swift; sourceTree = "<group>"; };
		32C8DEF4825245CE962B2090 /* RidgitsGlassTabBar.swift */ = {isa = PBXFileReference; lastKnownFileType = sourcecode.swift; path = RidgitsGlassTabBar.swift; sourceTree = "<group>"; };
		339DAB4CC849CFAC428F73CC /* PackQuizCatalog.swift */ = {isa = PBXFileReference; lastKnownFileType = sourcecode.swift; path = PackQuizCatalog.swift; sourceTree = "<group>"; };
		390B3BF48BE6C9AD20017520 /* EmailAuthSheet.swift */ = {isa = PBXFileReference; lastKnownFileType = sourcecode.swift; path = EmailAuthSheet.swift; sourceTree = "<group>"; };
		39F1F11274432698D6A299D7 /* RidgitsQuickToolsService.swift */ = {isa = PBXFileReference; lastKnownFileType = sourcecode.swift; path = RidgitsQuickToolsService.swift; sourceTree = "<group>"; };
		3A5021834ACF8D4FDEFDEE3D /* RidgitsQuizCompatibility.swift */ = {isa = PBXFileReference; lastKnownFileType = sourcecode.swift; path = RidgitsQuizCompatibility.swift; sourceTree = "<group>"; };
		3DA7F90CC87910305F762E79 /* DisposableEmailDomains.swift */ = {isa = PBXFileReference; lastKnownFileType = sourcecode.swift; path = DisposableEmailDomains.swift; sourceTree = "<group>"; };
		430CA1330512DE4EE4BB3117 /* social-battery.json */ = {isa = PBXFileReference; lastKnownFileType = text.json; path = "social-battery.json"; sourceTree = "<group>"; };
		445AAAD73654881A7C1F0995 /* RidgitsProfilePhotoIdentityMatch.swift */ = {isa = PBXFileReference; lastKnownFileType = sourcecode.swift; path = RidgitsProfilePhotoIdentityMatch.swift; sourceTree = "<group>"; };
		465816C2404A3A07EFBB57CD /* IdentityVerificationView.swift */ = {isa = PBXFileReference; lastKnownFileType = sourcecode.swift; path = IdentityVerificationView.swift; sourceTree = "<group>"; };
		C9D8E7F6A5B4039283746511 /* IdentityVerificationStatusCard.swift */ = {isa = PBXFileReference; lastKnownFileType = sourcecode.swift; path = IdentityVerificationStatusCard.swift; sourceTree = "<group>"; };
		47A8D4BB57207455082A7295 /* RidgitsNearbyAccess.swift */ = {isa = PBXFileReference; lastKnownFileType = sourcecode.swift; path = RidgitsNearbyAccess.swift; sourceTree = "<group>"; };
		497927D649F5A16664C5EE0C /* referral-slow-burn.json */ = {isa = PBXFileReference; lastKnownFileType = text.json; path = "referral-slow-burn.json"; sourceTree = "<group>"; };
		4B61B84A7508ADA4C84AD179 /* boundaries.json */ = {isa = PBXFileReference; lastKnownFileType = text.json; path = boundaries.json; sourceTree = "<group>"; };
		4E6E6E4980E25FB54C6E1511 /* attraction.json */ = {isa = PBXFileReference; lastKnownFileType = text.json; path = attraction.json; sourceTree = "<group>"; };
		50FE81089EF34767B6603964 /* RidgitsVerifiedBadge.swift */ = {isa = PBXFileReference; lastKnownFileType = sourcecode.swift; path = RidgitsVerifiedBadge.swift; sourceTree = "<group>"; };
		55A2805241DC1E9937CCE9DD /* quiz_questions.json */ = {isa = PBXFileReference; lastKnownFileType = text.json; path = quiz_questions.json; sourceTree = "<group>"; };
		57284271EDA783B04BC7E465 /* RidgitNearbyShareOverlay.swift */ = {isa = PBXFileReference; lastKnownFileType = sourcecode.swift; path = RidgitNearbyShareOverlay.swift; sourceTree = "<group>"; };
		581BD4A52A7A1CA4A9D6D76F /* identity-performance.json */ = {isa = PBXFileReference; lastKnownFileType = text.json; path = "identity-performance.json"; sourceTree = "<group>"; };
		599E990B8C2F56A791C7B814 /* referral-first-spark.json */ = {isa = PBXFileReference; lastKnownFileType = text.json; path = "referral-first-spark.json"; sourceTree = "<group>"; };
		5BA7CBA03EC9DB6F415C5C7C /* RidgitsHeroImageStack.swift */ = {isa = PBXFileReference; lastKnownFileType = sourcecode.swift; path = RidgitsHeroImageStack.swift; sourceTree = "<group>"; };
		5CE4F6BC981EF46C7DAD390A /* dealbreaker-map.json */ = {isa = PBXFileReference; lastKnownFileType = text.json; path = "dealbreaker-map.json"; sourceTree = "<group>"; };
		5DF0B1EFC36A9E53EB62C5BE /* ReferralProfileSection.swift */ = {isa = PBXFileReference; lastKnownFileType = sourcecode.swift; path = ReferralProfileSection.swift; sourceTree = "<group>"; };
		5E97FE82A52B3B5C6827EB0E /* desire-logic.json */ = {isa = PBXFileReference; lastKnownFileType = text.json; path = "desire-logic.json"; sourceTree = "<group>"; };
		5FF3830EA99B85BB983761B6 /* quiz_spicy_questions.json */ = {isa = PBXFileReference; lastKnownFileType = text.json; path = quiz_spicy_questions.json; sourceTree = "<group>"; };
		60672608DF345ACE678E5992 /* RidgitsIdentityModels.swift */ = {isa = PBXFileReference; lastKnownFileType = sourcecode.swift; path = RidgitsIdentityModels.swift; sourceTree = "<group>"; };
		60B356C301BEF70E0088F297 /* messaging.json */ = {isa = PBXFileReference; lastKnownFileType = text.json; path = messaging.json; sourceTree = "<group>"; };
		6328E5F54806612EDF075DE9 /* self-sabotage.json */ = {isa = PBXFileReference; lastKnownFileType = text.json; path = "self-sabotage.json"; sourceTree = "<group>"; };
		6DBD03EA351B2A15F2AB2CDF /* LoginView.swift */ = {isa = PBXFileReference; lastKnownFileType = sourcecode.swift; path = LoginView.swift; sourceTree = "<group>"; };
		6ECDCDFD0FADD9BEC6C18137 /* Secrets.example.plist */ = {isa = PBXFileReference; lastKnownFileType = text.plist; path = Secrets.example.plist; sourceTree = "<group>"; };
		6F4FE552E8A7042D5A4C3152 /* ReferralWelcomeView.swift */ = {isa = PBXFileReference; lastKnownFileType = sourcecode.swift; path = ReferralWelcomeView.swift; sourceTree = "<group>"; };
		7346F52F2E5187AC4863F2CF /* RidgitsReferralModels.swift */ = {isa = PBXFileReference; lastKnownFileType = sourcecode.swift; path = RidgitsReferralModels.swift; sourceTree = "<group>"; };
		75A57C16B287148340DD5B79 /* AppleSignInNonce.swift */ = {isa = PBXFileReference; lastKnownFileType = sourcecode.swift; path = AppleSignInNonce.swift; sourceTree = "<group>"; };
		7A72990588E4661A760608CD /* Ridgits.entitlements */ = {isa = PBXFileReference; lastKnownFileType = text.plist.entitlements; path = Ridgits.entitlements; sourceTree = "<group>"; };
		7AD5A4902272D4AADC2BE62C /* CompareProfilesView.swift */ = {isa = PBXFileReference; lastKnownFileType = sourcecode.swift; path = CompareProfilesView.swift; sourceTree = "<group>"; };
		7AE03420C987C04FD9093F84 /* Info.plist */ = {isa = PBXFileReference; lastKnownFileType = text.plist; path = Info.plist; sourceTree = "<group>"; };
		81E3815F13C4EEB0F3D68137 /* ProfileSettingsView.swift */ = {isa = PBXFileReference; lastKnownFileType = sourcecode.swift; path = ProfileSettingsView.swift; sourceTree = "<group>"; };
		8D9859145D608A07A50BDDFD /* MessagesView.swift */ = {isa = PBXFileReference; lastKnownFileType = sourcecode.swift; path = MessagesView.swift; sourceTree = "<group>"; };
		8E9431427F1AAC72C151A70E /* ReferralQuizGateSheet.swift */ = {isa = PBXFileReference; lastKnownFileType = sourcecode.swift; path = ReferralQuizGateSheet.swift; sourceTree = "<group>"; };
		8FBF32243EA75F1087B06867 /* CommunityStatsViewModel.swift */ = {isa = PBXFileReference; lastKnownFileType = sourcecode.swift; path = CommunityStatsViewModel.swift; sourceTree = "<group>"; };
		8FDAEDF98C02C44E4AAA7910 /* RidgitNearbyShareAnimationView.swift */ = {isa = PBXFileReference; lastKnownFileType = sourcecode.swift; path = RidgitNearbyShareAnimationView.swift; sourceTree = "<group>"; };
		90E0634B98D5BB9A09E6BE19 /* RidgitsAppLinks.swift */ = {isa = PBXFileReference; lastKnownFileType = sourcecode.swift; path = RidgitsAppLinks.swift; sourceTree = "<group>"; };
		92E4C4425C89DEC13798A9FD /* PackQuizViewModel.swift */ = {isa = PBXFileReference; lastKnownFileType = sourcecode.swift; path = PackQuizViewModel.swift; sourceTree = "<group>"; };
		95EEBD58747E55965608D152 /* situationship.json */ = {isa = PBXFileReference; lastKnownFileType = text.json; path = situationship.json; sourceTree = "<group>"; };
		97F1CFA0A670D30656F164F1 /* CompatibilityReadoutView.swift */ = {isa = PBXFileReference; lastKnownFileType = sourcecode.swift; path = CompatibilityReadoutView.swift; sourceTree = "<group>"; };
		98C92AC49659E2868940B46F /* QuizView.swift */ = {isa = PBXFileReference; lastKnownFileType = sourcecode.swift; path = QuizView.swift; sourceTree = "<group>"; };
		9B12036EF74BBA3E84DAE3CC /* PokePackPaywallView.swift */ = {isa = PBXFileReference; lastKnownFileType = sourcecode.swift; path = PokePackPaywallView.swift; sourceTree = "<group>"; };
		9EBEB969F4453F62BD799982 /* RidgitsStore.swift */ = {isa = PBXFileReference; lastKnownFileType = sourcecode.swift; path = RidgitsStore.swift; sourceTree = "<group>"; };
		A1307814E45662FCEAAC60BA /* RidgitsNotificationPreferences.swift */ = {isa = PBXFileReference; lastKnownFileType = sourcecode.swift; path = RidgitsNotificationPreferences.swift; sourceTree = "<group>"; };
		A13D3B385EB0EF56750E07ED /* ReferralQuizzesSection.swift */ = {isa = PBXFileReference; lastKnownFileType = sourcecode.swift; path = ReferralQuizzesSection.swift; sourceTree = "<group>"; };
		A8744E35D4A4D4590449F3F5 /* RidgitsDeepLinkRouter.swift */ = {isa = PBXFileReference; lastKnownFileType = sourcecode.swift; path = RidgitsDeepLinkRouter.swift; sourceTree = "<group>"; };
		ACAA319A356BC1DDD352399C /* RidgitsProfileCache.swift */ = {isa = PBXFileReference; lastKnownFileType = sourcecode.swift; path = RidgitsProfileCache.swift; sourceTree = "<group>"; };
		AF2709D96472719DA2B74733 /* love-language.json */ = {isa = PBXFileReference; lastKnownFileType = text.json; path = "love-language.json"; sourceTree = "<group>"; };
		AF953DAAEE1D664710A92940 /* QuizFullResultsView.swift */ = {isa = PBXFileReference; lastKnownFileType = sourcecode.swift; path = QuizFullResultsView.swift; sourceTree = "<group>"; };
		B428FC9FF54F28CB4AA60D28 /* NearbyPaywallView.swift */ = {isa = PBXFileReference; lastKnownFileType = sourcecode.swift; path = NearbyPaywallView.swift; sourceTree = "<group>"; };
		B4D6F24F8093075BEE5CEC6D /* QuizArchetypeCalculator.swift */ = {isa = PBXFileReference; lastKnownFileType = sourcecode.swift; path = QuizArchetypeCalculator.swift; sourceTree = "<group>"; };
		B9CFD391D965DC4214A38478 /* DashboardView.swift */ = {isa = PBXFileReference; lastKnownFileType = sourcecode.swift; path = DashboardView.swift; sourceTree = "<group>"; };
		BC68F82E9245FBC3F7AEB950 /* RidgitsReferralStore.swift */ = {isa = PBXFileReference; lastKnownFileType = sourcecode.swift; path = RidgitsReferralStore.swift; sourceTree = "<group>"; };
		BE181ED1AC5219F0D0047B9F /* RidgitsShareSheet.swift */ = {isa = PBXFileReference; lastKnownFileType = sourcecode.swift; path = RidgitsShareSheet.swift; sourceTree = "<group>"; };
		C2B18D21B7D932940E8248F6 /* MatchesView.swift */ = {isa = PBXFileReference; lastKnownFileType = sourcecode.swift; path = MatchesView.swift; sourceTree = "<group>"; };
		C3348363D362965897C89290 /* QuizViewModel.swift */ = {isa = PBXFileReference; lastKnownFileType = sourcecode.swift; path = QuizViewModel.swift; sourceTree = "<group>"; };
		C551E7EC553D460C4392FFC1 /* SubscriptionPaywallView.swift */ = {isa = PBXFileReference; lastKnownFileType = sourcecode.swift; path = SubscriptionPaywallView.swift; sourceTree = "<group>"; };
		C6F3D8B82EEE0B85BA578E36 /* RidgitQuizView.swift */ = {isa = PBXFileReference; lastKnownFileType = sourcecode.swift; path = RidgitQuizView.swift; sourceTree = "<group>"; };
		C7F4CFC12B5334639E03A439 /* LocationManager.swift */ = {isa = PBXFileReference; lastKnownFileType = sourcecode.swift; path = LocationManager.swift; sourceTree = "<group>"; };
		F0E1D2C3B4A5968778695A4B /* RidgitsLocationPicker.swift */ = {isa = PBXFileReference; lastKnownFileType = sourcecode.swift; path = RidgitsLocationPicker.swift; sourceTree = "<group>"; };
		C2D3E4F5A60718293A4B5C6D /* us_cities.json */ = {isa = PBXFileReference; lastKnownFileType = text.json; path = us_cities.json; sourceTree = "<group>"; };
		C885678211DF9A31049C50DC /* RidgitsModels.swift */ = {isa = PBXFileReference; lastKnownFileType = sourcecode.swift; path = RidgitsModels.swift; sourceTree = "<group>"; };
		C93D3E5D3445BF088CD27B6F /* AdditionalArchetypesSection.swift */ = {isa = PBXFileReference; lastKnownFileType = sourcecode.swift; path = AdditionalArchetypesSection.swift; sourceTree = "<group>"; };
		CA72A5B2CF06E521CEA03330 /* RidgitsPushNotificationService.swift */ = {isa = PBXFileReference; lastKnownFileType = sourcecode.swift; path = RidgitsPushNotificationService.swift; sourceTree = "<group>"; };
		CF475316594F35B933AFD9FC /* RidgitsAgeVerificationConsent.swift */ = {isa = PBXFileReference; lastKnownFileType = sourcecode.swift; path = RidgitsAgeVerificationConsent.swift; sourceTree = "<group>"; };
		D2E8FB7ED1D4C6AE2CBE8530 /* PackAnalysisView.swift */ = {isa = PBXFileReference; lastKnownFileType = sourcecode.swift; path = PackAnalysisView.swift; sourceTree = "<group>"; };
		D34BE9BD8180CF6F3B648B1C /* PackQuizView.swift */ = {isa = PBXFileReference; lastKnownFileType = sourcecode.swift; path = PackQuizView.swift; sourceTree = "<group>"; };
		D3A095B20572525147B85D1D /* RidgitsProductID.swift */ = {isa = PBXFileReference; lastKnownFileType = sourcecode.swift; path = RidgitsProductID.swift; sourceTree = "<group>"; };
		D4CB0164D01E94A6B2916050 /* RidgitsMatchesCache.swift */ = {isa = PBXFileReference; lastKnownFileType = sourcecode.swift; path = RidgitsMatchesCache.swift; sourceTree = "<group>"; };
		D5567B24A6113C83B962E7DF /* MessageAnalysisView.swift */ = {isa = PBXFileReference; lastKnownFileType = sourcecode.swift; path = MessageAnalysisView.swift; sourceTree = "<group>"; };
		D77B6CA24E9F62CF6C8C185C /* AuthManager.swift */ = {isa = PBXFileReference; lastKnownFileType = sourcecode.swift; path = AuthManager.swift; sourceTree = "<group>"; };
		D7ABE398AA1AE0E8E3749749 /* BirthYearPromptView.swift */ = {isa = PBXFileReference; lastKnownFileType = sourcecode.swift; path = BirthYearPromptView.swift; sourceTree = "<group>"; };
		DA8943D6B67FCBD1EB556772 /* RidgitsFirebaseClient.swift */ = {isa = PBXFileReference; lastKnownFileType = sourcecode.swift; path = RidgitsFirebaseClient.swift; sourceTree = "<group>"; };
		DAA7553951BCF6B98541F101 /* ArchetypePackPaywallView.swift */ = {isa = PBXFileReference; lastKnownFileType = sourcecode.swift; path = ArchetypePackPaywallView.swift; sourceTree = "<group>"; };
		DD7DDC53CA45DFE74D5EBEA7 /* manifest.json */ = {isa = PBXFileReference; lastKnownFileType = text.json; path = manifest.json; sourceTree = "<group>"; };
		DDDC9CE126FFE8BC00343B43 /* RidgitsProfilePhotoPicker.swift */ = {isa = PBXFileReference; lastKnownFileType = sourcecode.swift; path = RidgitsProfilePhotoPicker.swift; sourceTree = "<group>"; };
		DE778F2EFF0AFA2035666946 /* pack_scoring.js */ = {isa = PBXFileReference; lastKnownFileType = sourcecode.javascript; path = pack_scoring.js; sourceTree = "<group>"; };
		E154B54CD785FFE091D69B82 /* RidgitsPokeInbox.swift */ = {isa = PBXFileReference; lastKnownFileType = sourcecode.swift; path = RidgitsPokeInbox.swift; sourceTree = "<group>"; };
		E18CA5C81426306AFE76D916 /* RidgitsAPIClient.swift */ = {isa = PBXFileReference; lastKnownFileType = sourcecode.swift; path = RidgitsAPIClient.swift; sourceTree = "<group>"; };
		E1FE3E1B1332FB6DD44B0704 /* RidgitsCompatibilityFilter.swift */ = {isa = PBXFileReference; lastKnownFileType = sourcecode.swift; path = RidgitsCompatibilityFilter.swift; sourceTree = "<group>"; };
		E2C012308069A29AC80D2321 /* RidgitsApp.swift */ = {isa = PBXFileReference; lastKnownFileType = sourcecode.swift; path = RidgitsApp.swift; sourceTree = "<group>"; };
		E6952A1F1B141CAE1DC74AC1 /* RidgitsQuizBadge.swift */ = {isa = PBXFileReference; lastKnownFileType = sourcecode.swift; path = RidgitsQuizBadge.swift; sourceTree = "<group>"; };
		EBF5A3EEBAA38745D359D883 /* RidgitsConversationsCache.swift */ = {isa = PBXFileReference; lastKnownFileType = sourcecode.swift; path = RidgitsConversationsCache.swift; sourceTree = "<group>"; };
		EC03E620748060EB5F52FF58 /* MatchProfileView.swift */ = {isa = PBXFileReference; lastKnownFileType = sourcecode.swift; path = MatchProfileView.swift; sourceTree = "<group>"; };
		EDBD32E9FCB7D880E63E9885 /* UIViewController+TopMost.swift */ = {isa = PBXFileReference; lastKnownFileType = sourcecode.swift; path = "UIViewController+TopMost.swift"; sourceTree = "<group>"; };
		F14BD13FF090D895DC312FD5 /* RidgitSlotManager.swift */ = {isa = PBXFileReference; lastKnownFileType = sourcecode.swift; path = RidgitSlotManager.swift; sourceTree = "<group>"; };
		F257D4ED3335E6DF7AC5A1B7 /* RidgitsNearbyPresenceService.swift */ = {isa = PBXFileReference; lastKnownFileType = sourcecode.swift; path = RidgitsNearbyPresenceService.swift; sourceTree = "<group>"; };
		F2D559400E25AFCDA5FD3C77 /* MatchesViewModel.swift */ = {isa = PBXFileReference; lastKnownFileType = sourcecode.swift; path = MatchesViewModel.swift; sourceTree = "<group>"; };
		F43A6DA4C8F51EB3C2C56592 /* PackQuizScoring.swift */ = {isa = PBXFileReference; lastKnownFileType = sourcecode.swift; path = PackQuizScoring.swift; sourceTree = "<group>"; };
		F5DE4F272D9148F4448D0835 /* NotificationPreferencesView.swift */ = {isa = PBXFileReference; lastKnownFileType = sourcecode.swift; path = NotificationPreferencesView.swift; sourceTree = "<group>"; };
		FF8E8203096BA9734713E5FD /* QuizCatalog.swift */ = {isa = PBXFileReference; lastKnownFileType = sourcecode.swift; path = QuizCatalog.swift; sourceTree = "<group>"; };
/* End PBXFileReference section */

/* Begin PBXFrameworksBuildPhase section */
		AFAB0D8FF07C43245D4BF35F /* Frameworks */ = {
			isa = PBXFrameworksBuildPhase;
			buildActionMask = 2147483647;
			files = (
				95DF487F2E36D6D41C5AB048 /* FirebaseAuth in Frameworks */,
				209B65138F80914728B6DE21 /* FirebaseAppCheck in Frameworks */,
				6AF1B86EDBCED3D8BFC2B5F1 /* FirebaseCore in Frameworks */,
				B2077D8713B985637FAC4606 /* FirebaseFirestore in Frameworks */,
				F3EBFBD255BF9F30EE521C95 /* FirebaseMessaging in Frameworks */,
				38207640E4E758A0978451DA /* FirebaseFunctions in Frameworks */,
				85FB925181885C6E39052B3F /* FirebaseStorage in Frameworks */,
				E962CA4909B9DA85B9B57FAD /* GoogleSignIn in Frameworks */,
			);
			runOnlyForDeploymentPostprocessing = 0;
		};
/* End PBXFrameworksBuildPhase section */

/* Begin PBXGroup section */
		080B7D79C14BD0D495CF8A52 /* Referral */ = {
			isa = PBXGroup;
			children = (
				5DF0B1EFC36A9E53EB62C5BE /* ReferralProfileSection.swift */,
				8E9431427F1AAC72C151A70E /* ReferralQuizGateSheet.swift */,
				6F4FE552E8A7042D5A4C3152 /* ReferralWelcomeView.swift */,
				7346F52F2E5187AC4863F2CF /* RidgitsReferralModels.swift */,
				BC68F82E9245FBC3F7AEB950 /* RidgitsReferralStore.swift */,
				BE181ED1AC5219F0D0047B9F /* RidgitsShareSheet.swift */,
			);
			path = Referral;
			sourceTree = "<group>";
		};
		191A10E4ADBB2F9B3D722312 /* Messages */ = {
			isa = PBXGroup;
			children = (
				8D9859145D608A07A50BDDFD /* MessagesView.swift */,
				046E227683D0E1EE438F12A6 /* StartConversationSheet.swift */,
			);
			path = Messages;
			sourceTree = "<group>";
		};
		1D1C292FB790A7826188E6FF /* Products */ = {
			isa = PBXGroup;
			children = (
				07DF792BAD9B3D9AD4656B0B /* Ridgits.app */,
			);
			name = Products;
			sourceTree = "<group>";
		};
		32A130CA910C4FBD9729A639 /* Design */ = {
			isa = PBXGroup;
			children = (
				1168AC77C397F24F9864845A /* RidgitsCachedProfileImage.swift */,
				0DE96CD61DDD21D94F89E0C1 /* RidgitsComponents.swift */,
				32C8DEF4825245CE962B2090 /* RidgitsGlassTabBar.swift */,
				1D2377DD59EF01D8EED2C9C2 /* RidgitsHaptics.swift */,
				5BA7CBA03EC9DB6F415C5C7C /* RidgitsHeroImageStack.swift */,
				27F37C73DF3EB87F2610A164 /* RidgitsLogoView.swift */,
				2D71B5B93F5D5907DE500364 /* RidgitsTheme.swift */,
				50FE81089EF34767B6603964 /* RidgitsVerifiedBadge.swift */,
			);
			path = Design;
			sourceTree = "<group>";
		};
		44A2FE4AB359FE484FA91368 /* Identity */ = {
			isa = PBXGroup;
			children = (
				1AA0DF011D1D7CCDF3279AAF /* IdentityVerificationCoordinator.swift */,
				465816C2404A3A07EFBB57CD /* IdentityVerificationView.swift */,
				C9D8E7F6A5B4039283746511 /* IdentityVerificationStatusCard.swift */,
				60672608DF345ACE678E5992 /* RidgitsIdentityModels.swift */,
				445AAAD73654881A7C1F0995 /* RidgitsProfilePhotoIdentityMatch.swift */,
			);
			path = Identity;
			sourceTree = "<group>";
		};
		5E47A88BA744D5AC40E789E2 /* Ridgits */ = {
			isa = PBXGroup;
			children = (
				02DB0A4D50FB0F377B744060 /* Assets.xcassets */,
				252F8418EE1CC2484B211CDD /* ContentView.swift */,
				1D9574D7FAB4F09CB3C43CBC /* GoogleService-Info.plist */,
				7AE03420C987C04FD9093F84 /* Info.plist */,
				7A72990588E4661A760608CD /* Ridgits.entitlements */,
				E2C012308069A29AC80D2321 /* RidgitsApp.swift */,
				6ECDCDFD0FADD9BEC6C18137 /* Secrets.example.plist */,
				24EE0BC1134EF8779378AE23 /* Secrets.plist */,
				B85ACE86643C504F25F60F60 /* Archetypes */,
				7CC8FE6FF17AE531DED2FAFF /* Auth */,
				D15A60BF2ED11E52D45E33ED /* Dashboard */,
				32A130CA910C4FBD9729A639 /* Design */,
				ACB3BD888E04758F0CC12F34 /* Engagement */,
				44A2FE4AB359FE484FA91368 /* Identity */,
				C0FF62CC6C06963D75C8EE89 /* Location */,
				DC71DA896A05CEC3BC7BAC8A /* Matches */,
				191A10E4ADBB2F9B3D722312 /* Messages */,
				B920636F18B3F6C8CF6203A7 /* Models */,
				CA444A14ADDE704FD9D5F6C4 /* Navigation */,
				632AF5AE92691D188FA6EA05 /* Nearby */,
				C5CA8DF5C7B2B5DFCDBE1FAC /* Paywall */,
				7EACC2E649AAAD703721088B /* Profile */,
				A7771B444804101FBEF6C665 /* Push */,
				B00062B304C78B9A1400FC66 /* QuickTools */,
				64E8294B7C230B0E62328607 /* Quiz */,
				080B7D79C14BD0D495CF8A52 /* Referral */,
				A2ADAC4FD74A3A456E871252 /* Ridgit */,
				D4B11FC664C68A63637F9EE0 /* Services */,
				77324C8F8EEEAA36036EC47F /* Store */,
			);
			path = Ridgits;
			sourceTree = "<group>";
		};
		632AF5AE92691D188FA6EA05 /* Nearby */ = {
			isa = PBXGroup;
			children = (
				8FDAEDF98C02C44E4AAA7910 /* RidgitNearbyShareAnimationView.swift */,
				26DCCB0B78C0A22DE2EC7BA0 /* RidgitNearbyShareModels.swift */,
				57284271EDA783B04BC7E465 /* RidgitNearbyShareOverlay.swift */,
				F257D4ED3335E6DF7AC5A1B7 /* RidgitsNearbyPresenceService.swift */,
			);
			path = Nearby;
			sourceTree = "<group>";
		};
		64E8294B7C230B0E62328607 /* Quiz */ = {
			isa = PBXGroup;
			children = (
				7AD5A4902272D4AADC2BE62C /* CompareProfilesView.swift */,
				D2E8FB7ED1D4C6AE2CBE8530 /* PackAnalysisView.swift */,
				339DAB4CC849CFAC428F73CC /* PackQuizCatalog.swift */,
				F43A6DA4C8F51EB3C2C56592 /* PackQuizScoring.swift */,
				D34BE9BD8180CF6F3B648B1C /* PackQuizView.swift */,
				92E4C4425C89DEC13798A9FD /* PackQuizViewModel.swift */,
				55A2805241DC1E9937CCE9DD /* quiz_questions.json */,
				5FF3830EA99B85BB983761B6 /* quiz_spicy_questions.json */,
				B4D6F24F8093075BEE5CEC6D /* QuizArchetypeCalculator.swift */,
				FF8E8203096BA9734713E5FD /* QuizCatalog.swift */,
				AF953DAAEE1D664710A92940 /* QuizFullResultsView.swift */,
				98C92AC49659E2868940B46F /* QuizView.swift */,
				C3348363D362965897C89290 /* QuizViewModel.swift */,
				3A5021834ACF8D4FDEFDEE3D /* RidgitsQuizCompatibility.swift */,
				FC21F7DEDEE3CFEE132FADCE /* Packs */,
			);
			path = Quiz;
			sourceTree = "<group>";
		};
		77324C8F8EEEAA36036EC47F /* Store */ = {
			isa = PBXGroup;
			children = (
				D3A095B20572525147B85D1D /* RidgitsProductID.swift */,
				9EBEB969F4453F62BD799982 /* RidgitsStore.swift */,
				1F6C1E3877EE23EB81350618 /* RidgitsSubscriptionCatalog.swift */,
			);
			path = Store;
			sourceTree = "<group>";
		};
		7CC8FE6FF17AE531DED2FAFF /* Auth */ = {
			isa = PBXGroup;
			children = (
				75A57C16B287148340DD5B79 /* AppleSignInNonce.swift */,
				D77B6CA24E9F62CF6C8C185C /* AuthManager.swift */,
				D7ABE398AA1AE0E8E3749749 /* BirthYearPromptView.swift */,
				3DA7F90CC87910305F762E79 /* DisposableEmailDomains.swift */,
				390B3BF48BE6C9AD20017520 /* EmailAuthSheet.swift */,
				6DBD03EA351B2A15F2AB2CDF /* LoginView.swift */,
				CF475316594F35B933AFD9FC /* RidgitsAgeVerificationConsent.swift */,
				EDBD32E9FCB7D880E63E9885 /* UIViewController+TopMost.swift */,
			);
			path = Auth;
			sourceTree = "<group>";
		};
		7EACC2E649AAAD703721088B /* Profile */ = {
			isa = PBXGroup;
			children = (
				81E3815F13C4EEB0F3D68137 /* ProfileSettingsView.swift */,
				167175E2761DB95BF6011BD5 /* ProfileSetupView.swift */,
				0C1D8E4F95CACE2E9C676B09 /* ProfileView.swift */,
				DDDC9CE126FFE8BC00343B43 /* RidgitsProfilePhotoPicker.swift */,
				E6952A1F1B141CAE1DC74AC1 /* RidgitsQuizBadge.swift */,
			);
			path = Profile;
			sourceTree = "<group>";
		};
		A2ADAC4FD74A3A456E871252 /* Ridgit */ = {
			isa = PBXGroup;
			children = (
				13B32D97E1C79608E68BAFC2 /* MakeRidgitView.swift */,
				C6F3D8B82EEE0B85BA578E36 /* RidgitQuizView.swift */,
				F14BD13FF090D895DC312FD5 /* RidgitSlotManager.swift */,
				2E1671C126A1AF23D6058E70 /* RidgitSlotSelectionSheet.swift */,
			);
			path = Ridgit;
			sourceTree = "<group>";
		};
		A4C20CCF4FD48C13B4E3D64E = {
			isa = PBXGroup;
			children = (
				5E47A88BA744D5AC40E789E2 /* Ridgits */,
				1D1C292FB790A7826188E6FF /* Products */,
			);
			sourceTree = "<group>";
		};
		A7771B444804101FBEF6C665 /* Push */ = {
			isa = PBXGroup;
			children = (
				F5DE4F272D9148F4448D0835 /* NotificationPreferencesView.swift */,
				A1307814E45662FCEAAC60BA /* RidgitsNotificationPreferences.swift */,
				CA72A5B2CF06E521CEA03330 /* RidgitsPushNotificationService.swift */,
			);
			path = Push;
			sourceTree = "<group>";
		};
		ACB3BD888E04758F0CC12F34 /* Engagement */ = {
			isa = PBXGroup;
			children = (
				E154B54CD785FFE091D69B82 /* RidgitsPokeInbox.swift */,
			);
			path = Engagement;
			sourceTree = "<group>";
		};
		B00062B304C78B9A1400FC66 /* QuickTools */ = {
			isa = PBXGroup;
			children = (
				97F1CFA0A670D30656F164F1 /* CompatibilityReadoutView.swift */,
				D5567B24A6113C83B962E7DF /* MessageAnalysisView.swift */,
				39F1F11274432698D6A299D7 /* RidgitsQuickToolsService.swift */,
			);
			path = QuickTools;
			sourceTree = "<group>";
		};
		B85ACE86643C504F25F60F60 /* Archetypes */ = {
			isa = PBXGroup;
			children = (
				02E2DF763297D22FAA413008 /* RidgitsArchetypePack.swift */,
			);
			path = Archetypes;
			sourceTree = "<group>";
		};
		B920636F18B3F6C8CF6203A7 /* Models */ = {
			isa = PBXGroup;
			children = (
				C885678211DF9A31049C50DC /* RidgitsModels.swift */,
			);
			path = Models;
			sourceTree = "<group>";
		};
		C0FF62CC6C06963D75C8EE89 /* Location */ = {
			isa = PBXGroup;
			children = (
				C7F4CFC12B5334639E03A439 /* LocationManager.swift */,
				F0E1D2C3B4A5968778695A4B /* RidgitsLocationPicker.swift */,
				C2D3E4F5A60718293A4B5C6D /* us_cities.json */,
			);
			path = Location;
			sourceTree = "<group>";
		};
		C5CA8DF5C7B2B5DFCDBE1FAC /* Paywall */ = {
			isa = PBXGroup;
			children = (
				DAA7553951BCF6B98541F101 /* ArchetypePackPaywallView.swift */,
				B428FC9FF54F28CB4AA60D28 /* NearbyPaywallView.swift */,
				9B12036EF74BBA3E84DAE3CC /* PokePackPaywallView.swift */,
				C551E7EC553D460C4392FFC1 /* SubscriptionPaywallView.swift */,
			);
			path = Paywall;
			sourceTree = "<group>";
		};
		CA444A14ADDE704FD9D5F6C4 /* Navigation */ = {
			isa = PBXGroup;
			children = (
				90E0634B98D5BB9A09E6BE19 /* RidgitsAppLinks.swift */,
				A8744E35D4A4D4590449F3F5 /* RidgitsDeepLinkRouter.swift */,
			);
			path = Navigation;
			sourceTree = "<group>";
		};
		D15A60BF2ED11E52D45E33ED /* Dashboard */ = {
			isa = PBXGroup;
			children = (
				C93D3E5D3445BF088CD27B6F /* AdditionalArchetypesSection.swift */,
				8FBF32243EA75F1087B06867 /* CommunityStatsViewModel.swift */,
				B9CFD391D965DC4214A38478 /* DashboardView.swift */,
				A13D3B385EB0EF56750E07ED /* ReferralQuizzesSection.swift */,
			);
			path = Dashboard;
			sourceTree = "<group>";
		};
		D4B11FC664C68A63637F9EE0 /* Services */ = {
			isa = PBXGroup;
			children = (
				E18CA5C81426306AFE76D916 /* RidgitsAPIClient.swift */,
				EBF5A3EEBAA38745D359D883 /* RidgitsConversationsCache.swift */,
				1CF5F70D2FA0289640BAF3D4 /* RidgitsFirebaseBootstrap.swift */,
				DA8943D6B67FCBD1EB556772 /* RidgitsFirebaseClient.swift */,
				D4CB0164D01E94A6B2916050 /* RidgitsMatchesCache.swift */,
				ACAA319A356BC1DDD352399C /* RidgitsProfileCache.swift */,
			);
			path = Services;
			sourceTree = "<group>";
		};
		DC71DA896A05CEC3BC7BAC8A /* Matches */ = {
			isa = PBXGroup;
			children = (
				C2B18D21B7D932940E8248F6 /* MatchesView.swift */,
				F2D559400E25AFCDA5FD3C77 /* MatchesViewModel.swift */,
				EC03E620748060EB5F52FF58 /* MatchProfileView.swift */,
				E1FE3E1B1332FB6DD44B0704 /* RidgitsCompatibilityFilter.swift */,
				47A8D4BB57207455082A7295 /* RidgitsNearbyAccess.swift */,
			);
			path = Matches;
			sourceTree = "<group>";
		};
		FC21F7DEDEE3CFEE132FADCE /* Packs */ = {
			isa = PBXGroup;
			children = (
				4E6E6E4980E25FB54C6E1511 /* attraction.json */,
				4B61B84A7508ADA4C84AD179 /* boundaries.json */,
				5CE4F6BC981EF46C7DAD390A /* dealbreaker-map.json */,
				5E97FE82A52B3B5C6827EB0E /* desire-logic.json */,
				581BD4A52A7A1CA4A9D6D76F /* identity-performance.json */,
				AF2709D96472719DA2B74733 /* love-language.json */,
				DD7DDC53CA45DFE74D5EBEA7 /* manifest.json */,
				60B356C301BEF70E0088F297 /* messaging.json */,
				DE778F2EFF0AFA2035666946 /* pack_scoring.js */,
				599E990B8C2F56A791C7B814 /* referral-first-spark.json */,
				497927D649F5A16664C5EE0C /* referral-slow-burn.json */,
				2C2FE73E0903116C23433B1D /* referral-trust-line.json */,
				6328E5F54806612EDF075DE9 /* self-sabotage.json */,
				95EEBD58747E55965608D152 /* situationship.json */,
				430CA1330512DE4EE4BB3117 /* social-battery.json */,
			);
			path = Packs;
			sourceTree = "<group>";
		};
/* End PBXGroup section */

/* Begin PBXNativeTarget section */
		C03C80D184A643C0224670AC /* Ridgits */ = {
			isa = PBXNativeTarget;
			buildConfigurationList = F4F7DA4AE07BC2F888E0CCE7 /* Build configuration list for PBXNativeTarget "Ridgits" */;
			buildPhases = (
				69B1A9A6296CB905C5024187 /* Sources */,
				11556B0CB0E7387D37E5CCC9 /* Resources */,
				AFAB0D8FF07C43245D4BF35F /* Frameworks */,
			);
			buildRules = (
			);
			dependencies = (
			);
			name = Ridgits;
			packageProductDependencies = (
				79ADF8278A5FA59F57D63033 /* FirebaseAuth */,
				E74CF18F3F5EBA0DEF046C6E /* FirebaseAppCheck */,
				675F27058B0EC67440241C3F /* FirebaseCore */,
				F82945B9BA2E2DFC95102D4D /* FirebaseFirestore */,
				1C6FE69646D50A66819501A8 /* FirebaseMessaging */,
				F4AA2E4257AAD42FCFE0CF42 /* FirebaseFunctions */,
				826ECC07B38FF72BE29ED9F4 /* FirebaseStorage */,
				EBA8CCEACD72FE9C8F1DD07E /* GoogleSignIn */,
			);
			productName = Ridgits;
			productReference = 07DF792BAD9B3D9AD4656B0B /* Ridgits.app */;
			productType = "com.apple.product-type.application";
		};
/* End PBXNativeTarget section */

/* Begin PBXProject section */
		881F8CE01B5B00ABF4924C68 /* Project object */ = {
			isa = PBXProject;
			attributes = {
				BuildIndependentTargetsInParallel = YES;
				LastUpgradeCheck = 1600;
			};
			buildConfigurationList = 028A8F07BE442E1637F2A2F5 /* Build configuration list for PBXProject "Ridgits" */;
			developmentRegion = en;
			hasScannedForEncodings = 0;
			knownRegions = (
				Base,
				en,
			);
			mainGroup = A4C20CCF4FD48C13B4E3D64E;
			minimizedProjectReferenceProxies = 1;
			packageReferences = (
				6C932E4D857DF6F9D9550B9A /* XCRemoteSwiftPackageReference "firebase-ios-sdk" */,
				6F7F33E89237648C796C959A /* XCRemoteSwiftPackageReference "GoogleSignIn-iOS" */,
			);
			preferredProjectObjectVersion = 77;
			productRefGroup = 1D1C292FB790A7826188E6FF /* Products */;
			projectDirPath = "";
			projectRoot = "";
			targets = (
				C03C80D184A643C0224670AC /* Ridgits */,
			);
		};
/* End PBXProject section */

/* Begin PBXResourcesBuildPhase section */
		11556B0CB0E7387D37E5CCC9 /* Resources */ = {
			isa = PBXResourcesBuildPhase;
			buildActionMask = 2147483647;
			files = (
				BE1918D934F9A9B680E821C1 /* Assets.xcassets in Resources */,
				36C17DB5A978ECAF31A1BCF0 /* GoogleService-Info.plist in Resources */,
				979424F31D6849A9424A751E /* Secrets.example.plist in Resources */,
				BABF033B1381E541C81DA2A4 /* Secrets.plist in Resources */,
				0FC4AF80DEB1E94532D8302D /* attraction.json in Resources */,
				205C0BFF104E17B446550568 /* boundaries.json in Resources */,
				E843D49AFD80499F72FB254F /* dealbreaker-map.json in Resources */,
				F34615D6211853E6583BA18D /* desire-logic.json in Resources */,
				0A2D8D2B2089609A57C1F4D6 /* identity-performance.json in Resources */,
				65C0D294DECDC70CA3162CBA /* love-language.json in Resources */,
				987E2C34C730D408339FEFD4 /* manifest.json in Resources */,
				7E0CD284A9E4C83CC738F086 /* messaging.json in Resources */,
				1DBF134FBF88356E1CC2F3AF /* pack_scoring.js in Resources */,
				69CFF79C61F1F58DF547724C /* quiz_questions.json in Resources */,
				3AE13341B6595DCB7B7172D3 /* quiz_spicy_questions.json in Resources */,
				4AF88AC8F629F508D0E10D24 /* referral-first-spark.json in Resources */,
				C9E02737AD5C1A7A1766F0FB /* referral-slow-burn.json in Resources */,
				569284B8FD4C1A834A3F3B56 /* referral-trust-line.json in Resources */,
				E773BDF4712E6792435CF789 /* self-sabotage.json in Resources */,
				16DB2910726A760EBDC04546 /* situationship.json in Resources */,
				D315E62B79646F4E2D84B94F /* social-battery.json in Resources */,
				B1C2D3E4F5A60718293A4B5E /* us_cities.json in Resources */,
			);
			runOnlyForDeploymentPostprocessing = 0;
		};
/* End PBXResourcesBuildPhase section */

/* Begin PBXSourcesBuildPhase section */
		69B1A9A6296CB905C5024187 /* Sources */ = {
			isa = PBXSourcesBuildPhase;
			buildActionMask = 2147483647;
			files = (
				46DC3CDA41931844AA69AF70 /* AdditionalArchetypesSection.swift in Sources */,
				0D4D5BBE55E408545FA8BD89 /* AppleSignInNonce.swift in Sources */,
				0F2C2849254AFC38BB05A9B9 /* ArchetypePackPaywallView.swift in Sources */,
				7B14CBDA8361B02455CA7181 /* AuthManager.swift in Sources */,
				24C10F2B8551E8D3E04C7B62 /* BirthYearPromptView.swift in Sources */,
				C5567AB16A96A5299AC5FE5C /* CommunityStatsViewModel.swift in Sources */,
				1E8C8F1127B325B978E9E04F /* CompareProfilesView.swift in Sources */,
				F7ACAE03B82689BF98ED2329 /* CompatibilityReadoutView.swift in Sources */,
				1D592B846B14F405668EE84A /* ContentView.swift in Sources */,
				CB461460EA1200879D1BAC12 /* DashboardView.swift in Sources */,
				D2AF0888D0143FAC328F4D92 /* DisposableEmailDomains.swift in Sources */,
				1DA676984F920E8B4D94E821 /* EmailAuthSheet.swift in Sources */,
		5E1F7DDEFE7623BB75D10158 /* IdentityVerificationCoordinator.swift in Sources */,
		AF44BF8ADF734C786F744083 /* IdentityVerificationView.swift in Sources */,
		C9D8E7F6A5B4039283746510 /* IdentityVerificationStatusCard.swift in Sources */,
				83A11966B318AD48C2C82869 /* LocationManager.swift in Sources */,
				A1B2C3D4E5F60718293A4B5D /* RidgitsLocationPicker.swift in Sources */,
				E7E009B45965B5B850FA2337 /* LoginView.swift in Sources */,
				09E6D693F2712BC24B2AF972 /* MakeRidgitView.swift in Sources */,
				6C20876A2E1C98E07F8A9CFE /* MatchProfileView.swift in Sources */,
				42C36DCFC8AFAC2E945C939B /* MatchesView.swift in Sources */,
				CAD401DD2BA396C77A1004F3 /* MatchesViewModel.swift in Sources */,
				18BE782A86116E71DF768F42 /* MessageAnalysisView.swift in Sources */,
				14A94371D51B0733755639A8 /* MessagesView.swift in Sources */,
				DFFE61B72C164E6DB5431134 /* NearbyPaywallView.swift in Sources */,
				919594877308CC100518ED87 /* NotificationPreferencesView.swift in Sources */,
				A5FBA220D46B16BFFC996BF0 /* PackAnalysisView.swift in Sources */,
				265957D7B88A17AA16137FBC /* PackQuizCatalog.swift in Sources */,
				BB5C5544432CB4681A528A1F /* PackQuizScoring.swift in Sources */,
				0DB1A70F06171B99FB8D4843 /* PackQuizView.swift in Sources */,
				0D65498F14C8A9BC613FF319 /* PackQuizViewModel.swift in Sources */,
				2070A36D291EBE2412FF9EBB /* PokePackPaywallView.swift in Sources */,
				E172E41F803A83AE8A935F58 /* ProfileSettingsView.swift in Sources */,
				16D08A6E61200405EE7EB161 /* ProfileSetupView.swift in Sources */,
				6D9F92BECACF116150243162 /* ProfileView.swift in Sources */,
				2F523EA7CF4592655E1247A7 /* QuizArchetypeCalculator.swift in Sources */,
				9F1F84F51DC47CF186859BE1 /* QuizCatalog.swift in Sources */,
				0D2959B3F90264D9F28285BC /* QuizFullResultsView.swift in Sources */,
				1EEDEE7572F53051C1030EE9 /* QuizView.swift in Sources */,
				FE4C7C7B340D6319E524616B /* QuizViewModel.swift in Sources */,
				4EEAEF9372171772437A191A /* ReferralProfileSection.swift in Sources */,
				FD98445F7B88CA3B8B7E351A /* ReferralQuizGateSheet.swift in Sources */,
				4051FA80748BE41480300AB3 /* ReferralQuizzesSection.swift in Sources */,
				A16CEB06F5A2954E5F296C49 /* ReferralWelcomeView.swift in Sources */,
				B6BDFCDE67D6493165AE745A /* RidgitNearbyShareAnimationView.swift in Sources */,
				44BF43A7D22C95D2436E193D /* RidgitNearbyShareModels.swift in Sources */,
				F9DFC3C8FD7F337224FD1C8E /* RidgitNearbyShareOverlay.swift in Sources */,
				BD66C09B2FF3A86BD869F9DF /* RidgitQuizView.swift in Sources */,
				BDFAE73A086A0595ECBEA753 /* RidgitSlotManager.swift in Sources */,
				D6B71F3A78BD898F07F220CC /* RidgitSlotSelectionSheet.swift in Sources */,
				5454FF470DFF6EC9A7C68B2D /* RidgitsAPIClient.swift in Sources */,
				2221CB98A995263A1AF95074 /* RidgitsAgeVerificationConsent.swift in Sources */,
				88E23B25FEF5B0B84065E3E0 /* RidgitsApp.swift in Sources */,
				7C1E037BE4FC362F863C212C /* RidgitsAppLinks.swift in Sources */,
				217267876A9F39FCCF359CDC /* RidgitsArchetypePack.swift in Sources */,
				C53953CE67935AE207E01700 /* RidgitsCachedProfileImage.swift in Sources */,
				ED32A01BAFC50CFFE068AD17 /* RidgitsCompatibilityFilter.swift in Sources */,
				167CD503E48BF17B7ECEF1ED /* RidgitsComponents.swift in Sources */,
				24C1222B70FFFECBB74B08B4 /* RidgitsConversationsCache.swift in Sources */,
				3BE3E1C1C4375DFAB5BA2DB4 /* RidgitsDeepLinkRouter.swift in Sources */,
				19A08B8CDF71B195D6EA4750 /* RidgitsFirebaseBootstrap.swift in Sources */,
				69EF9CC0435A7AFBFE8F61AB /* RidgitsFirebaseClient.swift in Sources */,
				118263B6C75B1D0A178DA2FE /* RidgitsGlassTabBar.swift in Sources */,
				00C65C6020CC96DD41386118 /* RidgitsHaptics.swift in Sources */,
				89BE1CF5F02B93F609665F01 /* RidgitsHeroImageStack.swift in Sources */,
				1B958AD78DD0AC7EAEA508C0 /* RidgitsIdentityModels.swift in Sources */,
				A5E33D43545C5FFD2ED50AA3 /* RidgitsLogoView.swift in Sources */,
				1A5C964897FC7DDD36A97B05 /* RidgitsMatchesCache.swift in Sources */,
				7D5B214325FF9EA90A2F850D /* RidgitsModels.swift in Sources */,
				183564B849D50FC020D0B016 /* RidgitsNearbyAccess.swift in Sources */,
				B639DAA4FA2FAC05ECD4816C /* RidgitsNearbyPresenceService.swift in Sources */,
				FADC7EF52BE3181A29AD9451 /* RidgitsNotificationPreferences.swift in Sources */,
				AA54A9E517B73E5048A2CA34 /* RidgitsPokeInbox.swift in Sources */,
				69F79317BA74BD63BF18CD39 /* RidgitsProductID.swift in Sources */,
				6C774222F03F834A8CA2CBEB /* RidgitsProfileCache.swift in Sources */,
				1E6B3FB5106804C388218E2A /* RidgitsProfilePhotoIdentityMatch.swift in Sources */,
				A166DD4CD2AF2D0B3C1D13D5 /* RidgitsProfilePhotoPicker.swift in Sources */,
				82997486DD1023518B5D27B2 /* RidgitsPushNotificationService.swift in Sources */,
				F8B3520EBD9E1706230A88E2 /* RidgitsQuickToolsService.swift in Sources */,
				2E121A3F5EDEA50909D22867 /* RidgitsQuizBadge.swift in Sources */,
				FF886F0EFB325D0E2E22C1E7 /* RidgitsQuizCompatibility.swift in Sources */,
				A9362BA7DCF4934A973DD06A /* RidgitsReferralModels.swift in Sources */,
				1782FB36024A93277A2F3EA2 /* RidgitsReferralStore.swift in Sources */,
				6BC4444E734BEC53A63046ED /* RidgitsShareSheet.swift in Sources */,
				1ADCDA08BB13CB55A44888BD /* RidgitsStore.swift in Sources */,
				5EB9C47F899B9CB543A51C48 /* RidgitsSubscriptionCatalog.swift in Sources */,
				89492A3071E466C1D9C34FC2 /* RidgitsTheme.swift in Sources */,
				D3840EE9D556E84BC7376194 /* RidgitsVerifiedBadge.swift in Sources */,
				7C226DE1737EE2F0FE71E8A9 /* StartConversationSheet.swift in Sources */,
				2D12EAC68C8B4626D9C37F47 /* SubscriptionPaywallView.swift in Sources */,
				6BE9C66585884056677F995D /* UIViewController+TopMost.swift in Sources */,
			);
			runOnlyForDeploymentPostprocessing = 0;
		};
/* End PBXSourcesBuildPhase section */

/* Begin XCBuildConfiguration section */
		154B441931052B14371B0B6D /* Debug */ = {
			isa = XCBuildConfiguration;
			buildSettings = {
				ALWAYS_SEARCH_USER_PATHS = NO;
				CLANG_ANALYZER_NONNULL = YES;
				CLANG_ANALYZER_NUMBER_OBJECT_CONVERSION = YES_AGGRESSIVE;
				CLANG_CXX_LANGUAGE_STANDARD = "gnu++14";
				CLANG_CXX_LIBRARY = "libc++";
				CLANG_ENABLE_MODULES = YES;
				CLANG_ENABLE_OBJC_ARC = YES;
				CLANG_ENABLE_OBJC_WEAK = YES;
				CLANG_WARN_BLOCK_CAPTURE_AUTORELEASING = YES;
				CLANG_WARN_BOOL_CONVERSION = YES;
				CLANG_WARN_COMMA = YES;
				CLANG_WARN_CONSTANT_CONVERSION = YES;
				CLANG_WARN_DEPRECATED_OBJC_IMPLEMENTATIONS = YES;
				CLANG_WARN_DIRECT_OBJC_ISA_USAGE = YES_ERROR;
				CLANG_WARN_DOCUMENTATION_COMMENTS = YES;
				CLANG_WARN_EMPTY_BODY = YES;
				CLANG_WARN_ENUM_CONVERSION = YES;
				CLANG_WARN_INFINITE_RECURSION = YES;
				CLANG_WARN_INT_CONVERSION = YES;
				CLANG_WARN_NON_LITERAL_NULL_CONVERSION = YES;
				CLANG_WARN_OBJC_IMPLICIT_RETAIN_SELF = YES;
				CLANG_WARN_OBJC_LITERAL_CONVERSION = YES;
				CLANG_WARN_OBJC_ROOT_CLASS = YES_ERROR;
				CLANG_WARN_QUOTED_INCLUDE_IN_FRAMEWORK_HEADER = YES;
				CLANG_WARN_RANGE_LOOP_ANALYSIS = YES;
				CLANG_WARN_STRICT_PROTOTYPES = YES;
				CLANG_WARN_SUSPICIOUS_MOVE = YES;
				CLANG_WARN_UNGUARDED_AVAILABILITY = YES_AGGRESSIVE;
				CLANG_WARN_UNREACHABLE_CODE = YES;
				CLANG_WARN__DUPLICATE_METHOD_MATCH = YES;
				COPY_PHASE_STRIP = NO;
				DEBUG_INFORMATION_FORMAT = dwarf;
				ENABLE_STRICT_OBJC_MSGSEND = YES;
				ENABLE_TESTABILITY = YES;
				GCC_C_LANGUAGE_STANDARD = gnu11;
				GCC_DYNAMIC_NO_PIC = NO;
				GCC_NO_COMMON_BLOCKS = YES;
				GCC_OPTIMIZATION_LEVEL = 0;
				GCC_PREPROCESSOR_DEFINITIONS = (
					"$(inherited)",
					"DEBUG=1",
				);
				GCC_WARN_64_TO_32_BIT_CONVERSION = YES;
				GCC_WARN_ABOUT_RETURN_TYPE = YES_ERROR;
				GCC_WARN_UNDECLARED_SELECTOR = YES;
				GCC_WARN_UNINITIALIZED_AUTOS = YES_AGGRESSIVE;
				GCC_WARN_UNUSED_FUNCTION = YES;
				GCC_WARN_UNUSED_VARIABLE = YES;
				IPHONEOS_DEPLOYMENT_TARGET = 17.0;
				MTL_ENABLE_DEBUG_INFO = INCLUDE_SOURCE;
				MTL_FAST_MATH = YES;
				ONLY_ACTIVE_ARCH = YES;
				PRODUCT_NAME = "$(TARGET_NAME)";
				SDKROOT = iphoneos;
				SWIFT_ACTIVE_COMPILATION_CONDITIONS = DEBUG;
				SWIFT_OPTIMIZATION_LEVEL = "-Onone";
				SWIFT_VERSION = 5.0;
			};
			name = Debug;
		};
		2B09EEB8ED52A4B180686232 /* Release */ = {
			isa = XCBuildConfiguration;
			buildSettings = {
				ASSETCATALOG_COMPILER_APPICON_NAME = AppIcon;
				CODE_SIGN_ENTITLEMENTS = Ridgits/Ridgits.entitlements;
				CODE_SIGN_IDENTITY = "iPhone Developer";
				DEVELOPMENT_TEAM = TMFW88P8NL;
				INFOPLIST_FILE = Ridgits/Info.plist;
				INFOPLIST_KEY_CFBundleIconName = AppIcon;
				LD_RUNPATH_SEARCH_PATHS = (
					"$(inherited)",
					"@executable_path/Frameworks",
				);
				PRODUCT_BUNDLE_IDENTIFIER = com.ridgits.app;
				SDKROOT = iphoneos;
				SWIFT_VERSION = 5.0;
				TARGETED_DEVICE_FAMILY = 1;
			};
			name = Release;
		};
		7B0224195044E325691F7505 /* Release */ = {
			isa = XCBuildConfiguration;
			buildSettings = {
				ALWAYS_SEARCH_USER_PATHS = NO;
				CLANG_ANALYZER_NONNULL = YES;
				CLANG_ANALYZER_NUMBER_OBJECT_CONVERSION = YES_AGGRESSIVE;
				CLANG_CXX_LANGUAGE_STANDARD = "gnu++14";
				CLANG_CXX_LIBRARY = "libc++";
				CLANG_ENABLE_MODULES = YES;
				CLANG_ENABLE_OBJC_ARC = YES;
				CLANG_ENABLE_OBJC_WEAK = YES;
				CLANG_WARN_BLOCK_CAPTURE_AUTORELEASING = YES;
				CLANG_WARN_BOOL_CONVERSION = YES;
				CLANG_WARN_COMMA = YES;
				CLANG_WARN_CONSTANT_CONVERSION = YES;
				CLANG_WARN_DEPRECATED_OBJC_IMPLEMENTATIONS = YES;
				CLANG_WARN_DIRECT_OBJC_ISA_USAGE = YES_ERROR;
				CLANG_WARN_DOCUMENTATION_COMMENTS = YES;
				CLANG_WARN_EMPTY_BODY = YES;
				CLANG_WARN_ENUM_CONVERSION = YES;
				CLANG_WARN_INFINITE_RECURSION = YES;
				CLANG_WARN_INT_CONVERSION = YES;
				CLANG_WARN_NON_LITERAL_NULL_CONVERSION = YES;
				CLANG_WARN_OBJC_IMPLICIT_RETAIN_SELF = YES;
				CLANG_WARN_OBJC_LITERAL_CONVERSION = YES;
				CLANG_WARN_OBJC_ROOT_CLASS = YES_ERROR;
				CLANG_WARN_QUOTED_INCLUDE_IN_FRAMEWORK_HEADER = YES;
				CLANG_WARN_RANGE_LOOP_ANALYSIS = YES;
				CLANG_WARN_STRICT_PROTOTYPES = YES;
				CLANG_WARN_SUSPICIOUS_MOVE = YES;
				CLANG_WARN_UNGUARDED_AVAILABILITY = YES_AGGRESSIVE;
				CLANG_WARN_UNREACHABLE_CODE = YES;
				CLANG_WARN__DUPLICATE_METHOD_MATCH = YES;
				COPY_PHASE_STRIP = NO;
				DEBUG_INFORMATION_FORMAT = "dwarf-with-dsym";
				ENABLE_NS_ASSERTIONS = NO;
				ENABLE_STRICT_OBJC_MSGSEND = YES;
				GCC_C_LANGUAGE_STANDARD = gnu11;
				GCC_NO_COMMON_BLOCKS = YES;
				GCC_WARN_64_TO_32_BIT_CONVERSION = YES;
				GCC_WARN_ABOUT_RETURN_TYPE = YES_ERROR;
				GCC_WARN_UNDECLARED_SELECTOR = YES;
				GCC_WARN_UNINITIALIZED_AUTOS = YES_AGGRESSIVE;
				GCC_WARN_UNUSED_FUNCTION = YES;
				GCC_WARN_UNUSED_VARIABLE = YES;
				IPHONEOS_DEPLOYMENT_TARGET = 17.0;
				MTL_ENABLE_DEBUG_INFO = NO;
				MTL_FAST_MATH = YES;
				PRODUCT_NAME = "$(TARGET_NAME)";
				SDKROOT = iphoneos;
				SWIFT_COMPILATION_MODE = wholemodule;
				SWIFT_OPTIMIZATION_LEVEL = "-O";
				SWIFT_VERSION = 5.0;
			};
			name = Release;
		};
		FA408F8BEF54D52B953CAACE /* Debug */ = {
			isa = XCBuildConfiguration;
			buildSettings = {
				ASSETCATALOG_COMPILER_APPICON_NAME = AppIcon;
				CODE_SIGN_ENTITLEMENTS = Ridgits/Ridgits.entitlements;
				CODE_SIGN_IDENTITY = "iPhone Developer";
				DEVELOPMENT_TEAM = TMFW88P8NL;
				INFOPLIST_FILE = Ridgits/Info.plist;
				INFOPLIST_KEY_CFBundleIconName = AppIcon;
				LD_RUNPATH_SEARCH_PATHS = (
					"$(inherited)",
					"@executable_path/Frameworks",
				);
				PRODUCT_BUNDLE_IDENTIFIER = com.ridgits.app;
				SDKROOT = iphoneos;
				SWIFT_VERSION = 5.0;
				TARGETED_DEVICE_FAMILY = 1;
			};
			name = Debug;
		};
/* End XCBuildConfiguration section */

/* Begin XCConfigurationList section */
		028A8F07BE442E1637F2A2F5 /* Build configuration list for PBXProject "Ridgits" */ = {
			isa = XCConfigurationList;
			buildConfigurations = (
				154B441931052B14371B0B6D /* Debug */,
				7B0224195044E325691F7505 /* Release */,
			);
			defaultConfigurationIsVisible = 0;
			defaultConfigurationName = Debug;
		};
		F4F7DA4AE07BC2F888E0CCE7 /* Build configuration list for PBXNativeTarget "Ridgits" */ = {
			isa = XCConfigurationList;
			buildConfigurations = (
				FA408F8BEF54D52B953CAACE /* Debug */,
				2B09EEB8ED52A4B180686232 /* Release */,
			);
			defaultConfigurationIsVisible = 0;
			defaultConfigurationName = Debug;
		};
/* End XCConfigurationList section */

/* Begin XCRemoteSwiftPackageReference section */
		6C932E4D857DF6F9D9550B9A /* XCRemoteSwiftPackageReference "firebase-ios-sdk" */ = {
			isa = XCRemoteSwiftPackageReference;
			repositoryURL = "https://github.com/firebase/firebase-ios-sdk";
			requirement = {
				kind = upToNextMajorVersion;
				minimumVersion = 11.0.0;
			};
		};
		6F7F33E89237648C796C959A /* XCRemoteSwiftPackageReference "GoogleSignIn-iOS" */ = {
			isa = XCRemoteSwiftPackageReference;
			repositoryURL = "https://github.com/google/GoogleSignIn-iOS";
			requirement = {
				kind = upToNextMajorVersion;
				minimumVersion = 8.0.0;
			};
		};
/* End XCRemoteSwiftPackageReference section */

/* Begin XCSwiftPackageProductDependency section */
		1C6FE69646D50A66819501A8 /* FirebaseMessaging */ = {
			isa = XCSwiftPackageProductDependency;
			package = 6C932E4D857DF6F9D9550B9A /* XCRemoteSwiftPackageReference "firebase-ios-sdk" */;
			productName = FirebaseMessaging;
		};
		675F27058B0EC67440241C3F /* FirebaseCore */ = {
			isa = XCSwiftPackageProductDependency;
			package = 6C932E4D857DF6F9D9550B9A /* XCRemoteSwiftPackageReference "firebase-ios-sdk" */;
			productName = FirebaseCore;
		};
		79ADF8278A5FA59F57D63033 /* FirebaseAuth */ = {
			isa = XCSwiftPackageProductDependency;
			package = 6C932E4D857DF6F9D9550B9A /* XCRemoteSwiftPackageReference "firebase-ios-sdk" */;
			productName = FirebaseAuth;
		};
		826ECC07B38FF72BE29ED9F4 /* FirebaseStorage */ = {
			isa = XCSwiftPackageProductDependency;
			package = 6C932E4D857DF6F9D9550B9A /* XCRemoteSwiftPackageReference "firebase-ios-sdk" */;
			productName = FirebaseStorage;
		};
		E74CF18F3F5EBA0DEF046C6E /* FirebaseAppCheck */ = {
			isa = XCSwiftPackageProductDependency;
			package = 6C932E4D857DF6F9D9550B9A /* XCRemoteSwiftPackageReference "firebase-ios-sdk" */;
			productName = FirebaseAppCheck;
		};
		EBA8CCEACD72FE9C8F1DD07E /* GoogleSignIn */ = {
			isa = XCSwiftPackageProductDependency;
			package = 6F7F33E89237648C796C959A /* XCRemoteSwiftPackageReference "GoogleSignIn-iOS" */;
			productName = GoogleSignIn;
		};
		F4AA2E4257AAD42FCFE0CF42 /* FirebaseFunctions */ = {
			isa = XCSwiftPackageProductDependency;
			package = 6C932E4D857DF6F9D9550B9A /* XCRemoteSwiftPackageReference "firebase-ios-sdk" */;
			productName = FirebaseFunctions;
		};
		F82945B9BA2E2DFC95102D4D /* FirebaseFirestore */ = {
			isa = XCSwiftPackageProductDependency;
			package = 6C932E4D857DF6F9D9550B9A /* XCRemoteSwiftPackageReference "firebase-ios-sdk" */;
			productName = FirebaseFirestore;
		};
/* End XCSwiftPackageProductDependency section */
	};
	rootObject = 881F8CE01B5B00ABF4924C68 /* Project object */;
}
